
Microsoft Visual Studio Solution File, Format Version 12.00
# Visual Studio 15
Project("{FAE04EC0-301F-11D3-BF4B-00C04F79EFBC}") = "KartGame", "KartGame.csproj", "{9CFCFA36-DD5A-8D47-CD35-F6DF2BC05167}"
EndProject
Project("{FAE04EC0-301F-11D3-BF4B-00C04F79EFBC}") = "Assembly-CSharp", "Assembly-CSharp.csproj", "{C327D3CE-3079-AB6B-89D1-88BF07BE6687}"
EndProject
Project("{FAE04EC0-301F-11D3-BF4B-00C04F79EFBC}") = "MLAgentsToolKit", "MLAgentsToolKit.csproj", "{9E7D0528-A290-7650-461A-A3746E242C2F}"
EndProject
Project("{FAE04EC0-301F-11D3-BF4B-00C04F79EFBC}") = "KartGame.AI", "KartGame.AI.csproj", "{C2D7343F-8541-53CF-485A-8FCF14BFB4B6}"
EndProject
Project("{FAE04EC0-301F-11D3-BF4B-00C04F79EFBC}") = "MLAgentsToolKit.Editor", "MLAgentsToolKit.Editor.csproj", "{F03E6C27-A4CA-09BC-8B0E-3A590DE5135D}"
EndProject
Project("{FAE04EC0-301F-11D3-BF4B-00C04F79EFBC}") = "KartGame.Editor", "KartGame.Editor.csproj", "{79FCF6A9-9A3B-F93B-5B44-9C346485B4BE}"
EndProject
Project("{FAE04EC0-301F-11D3-BF4B-00C04F79EFBC}") = "KartGame.AI.Editor", "KartGame.AI.Editor.csproj", "{0CCBE4C5-EE8F-AECE-9684-C5EFCFDDE64A}"
EndProject
Global
	GlobalSection(SolutionConfigurationPlatforms) = preSolution
		Debug|Any CPU = Debug|Any CPU
		Release|Any CPU = Release|Any CPU
	EndGlobalSection
	GlobalSection(ProjectConfigurationPlatforms) = postSolution
		{9CFCFA36-DD5A-8D47-CD35-F6DF2BC05167}.Debug|Any CPU.ActiveCfg = Debug|Any CPU
		{9CFCFA36-DD5A-8D47-CD35-F6DF2BC05167}.Debug|Any CPU.Build.0 = Debug|Any CPU
		{9CFCFA36-DD5A-8D47-CD35-F6DF2BC05167}.Release|Any CPU.ActiveCfg = Release|Any CPU
		{9CFCFA36-DD5A-8D47-CD35-F6DF2BC05167}.Release|Any CPU.Build.0 = Release|Any CPU
		{C327D3CE-3079-AB6B-89D1-88BF07BE6687}.Debug|Any CPU.ActiveCfg = Debug|Any CPU
		{C327D3CE-3079-AB6B-89D1-88BF07BE6687}.Debug|Any CPU.Build.0 = Debug|Any CPU
		{C327D3CE-3079-AB6B-89D1-88BF07BE6687}.Release|Any CPU.ActiveCfg = Release|Any CPU
		{C327D3CE-3079-AB6B-89D1-88BF07BE6687}.Release|Any CPU.Build.0 = Release|Any CPU
		{9E7D0528-A290-7650-461A-A3746E242C2F}.Debug|Any CPU.ActiveCfg = Debug|Any CPU
		{9E7D0528-A290-7650-461A-A3746E242C2F}.Debug|Any CPU.Build.0 = Debug|Any CPU
		{9E7D0528-A290-7650-461A-A3746E242C2F}.Release|Any CPU.ActiveCfg = Release|Any CPU
		{9E7D0528-A290-7650-461A-A3746E242C2F}.Release|Any CPU.Build.0 = Release|Any CPU
		{C2D7343F-8541-53CF-485A-8FCF14BFB4B6}.Debug|Any CPU.ActiveCfg = Debug|Any CPU
		{C2D7343F-8541-53CF-485A-8FCF14BFB4B6}.Debug|Any CPU.Build.0 = Debug|Any CPU
		{C2D7343F-8541-53CF-485A-8FCF14BFB4B6}.Release|Any CPU.ActiveCfg = Release|Any CPU
		{C2D7343F-8541-53CF-485A-8FCF14BFB4B6}.Release|Any CPU.Build.0 = Release|Any CPU
		{F03E6C27-A4CA-09BC-8B0E-3A590DE5135D}.Debug|Any CPU.ActiveCfg = Debug|Any CPU
		{F03E6C27-A4CA-09BC-8B0E-3A590DE5135D}.Debug|Any CPU.Build.0 = Debug|Any CPU
		{F03E6C27-A4CA-09BC-8B0E-3A590DE5135D}.Release|Any CPU.ActiveCfg = Release|Any CPU
		{F03E6C27-A4CA-09BC-8B0E-3A590DE5135D}.Release|Any CPU.Build.0 = Release|Any CPU
		{79FCF6A9-9A3B-F93B-5B44-9C346485B4BE}.Debug|Any CPU.ActiveCfg = Debug|Any CPU
		{79FCF6A9-9A3B-F93B-5B44-9C346485B4BE}.Debug|Any CPU.Build.0 = Debug|Any CPU
		{79FCF6A9-9A3B-F93B-5B44-9C346485B4BE}.Release|Any CPU.ActiveCfg = Release|Any CPU
		{79FCF6A9-9A3B-F93B-5B44-9C346485B4BE}.Release|Any CPU.Build.0 = Release|Any CPU
		{0CCBE4C5-EE8F-AECE-9684-C5EFCFDDE64A}.Debug|Any CPU.ActiveCfg = Debug|Any CPU
		{0CCBE4C5-EE8F-AECE-9684-C5EFCFDDE64A}.Debug|Any CPU.Build.0 = Debug|Any CPU
		{0CCBE4C5-EE8F-AECE-9684-C5EFCFDDE64A}.Release|Any CPU.ActiveCfg = Release|Any CPU
		{0CCBE4C5-EE8F-AECE-9684-C5EFCFDDE64A}.Release|Any CPU.Build.0 = Release|Any CPU
	EndGlobalSection
	GlobalSection(SolutionProperties) = preSolution
		HideSolutionNode = FALSE
	EndGlobalSection
EndGlobal
